// !$*UTF8*$!
{
	archiveVersion = 1;
	classes = {
	};
	objectVersion = 63;
	objects = {

/* Begin PBXBuildFile section */
		0AC6A142F4A307309B544453 /* ImportView.swift in Sources */ = {isa = PBXBuildFile; fileRef = E7378C1750C2523FA610CD30 /* ImportView.swift */; };
		0E0C67627C79DE10F51E5675 /* DiarizationService.swift in Sources */ = {isa = PBXBuildFile; fileRef = 03A1883B5299DCA572E86351 /* DiarizationService.swift */; };
		22901B665A11A7FD60205B6B /* ImportViewModel.swift in Sources */ = {isa = PBXBuildFile; fileRef = 54BB872C1F835CE8F37587A2 /* ImportViewModel.swift */; };
		22906CFC2F53106F0016B103 /* AudioDiagnostics.swift in Sources */ = {isa = PBXBuildFile; fileRef = 22906CFB2F53106F0016B103 /* AudioDiagnostics.swift */; };
		22906CFE2F5310930016B103 /* DiarizationDiagnostics.swift in Sources */ = {isa = PBXBuildFile; fileRef = 22906CFD2F5310930016B103 /* DiarizationDiagnostics.swift */; };
		22906D002F5310B60016B103 /* AlignmentDiagnostics.swift in Sources */ = {isa = PBXBuildFile; fileRef = 22906CFF2F5310B60016B103 /* AlignmentDiagnostics.swift */; };
		33A9D6ACFFF76A625C942289 /* AudioConverter.swift in Sources */ = {isa = PBXBuildFile; fileRef = 1EAE19C4E3EE9EF7594BC2EE /* AudioConverter.swift */; };
		43FDF1E51898E84E2C4653C5 /* TranscriptionResult.swift in Sources */ = {isa = PBXBuildFile; fileRef = FFD91D91F199395EEC461241 /* TranscriptionResult.swift */; };
		46698312D2C090CB8A208A18 /* AudioFile.swift in Sources */ = {isa = PBXBuildFile; fileRef = 7AC791E4E496DDDAD4886A49 /* AudioFile.swift */; };
		47AE5C04F686B35425024872 /* TranscriptionViewModel.swift in Sources */ = {isa = PBXBuildFile; fileRef = DA0ACF848D64D281A26D68F6 /* TranscriptionViewModel.swift */; };
		4D012287E387505CB47B6441 /* Segment.swift in Sources */ = {isa = PBXBuildFile; fileRef = 303D16732C725F4234B0975F /* Segment.swift */; };
		79BDA1DBCFAB2ECBCDEBF293 /* SpeakerAligner.swift in Sources */ = {isa = PBXBuildFile; fileRef = B584EBE4297B797B3329C0CE /* SpeakerAligner.swift */; };
		7C0EFA85DA639445DBD6987B /* ContentView.swift in Sources */ = {isa = PBXBuildFile; fileRef = C672576465F682F906C819E2 /* ContentView.swift */; };
		93F75467E1A64BBAAF8DA140 /* ExportService.swift in Sources */ = {isa = PBXBuildFile; fileRef = 5C76ED05AEAE9C3033257BDC /* ExportService.swift */; };
		94B5897F037055F0AB5E284B /* TranscriptionView.swift in Sources */ = {isa = PBXBuildFile; fileRef = 14F5956E5B6A1FD449395BC0 /* TranscriptionView.swift */; };
		D1D9EAD574D8312A72E9B559 /* SegmentRowView.swift in Sources */ = {isa = PBXBuildFile; fileRef = 58786B4FCDFD0596CC8EB170 /* SegmentRowView.swift */; };
		DFAA2F0206EFC90DEC742284 /* FluidAudio in Frameworks */ = {isa = PBXBuildFile; productRef = 20C780ABE7A5F625B68E1CBC /* FluidAudio */; };
		E62CCBCBE11B09EFF213C064 /* Speaker.swift in Sources */ = {isa = PBXBuildFile; fileRef = 887A8AE9D15ABA784F30A901 /* Speaker.swift */; };
		EE9DA18C42F1843C5A0009BB /* EchoTests.swift in Sources */ = {isa = PBXBuildFile; fileRef = B4173C18BECF7B8AE7B19589 /* EchoTests.swift */; };
		F37E37E9DBF14D1CBACC8F5A /* EchoApp.swift in Sources */ = {isa = PBXBuildFile; fileRef = 69D2C2A8CA81A77FB457A82F /* EchoApp.swift */; };
		FEF7A06405C68EF27D61F6F5 /* TranscriptionService.swift in Sources */ = {isa = PBXBuildFile; fileRef = 30A2B2B47200397A69DF9F02 /* TranscriptionService.swift */; };
/* End PBXBuildFile section */

/* Begin PBXContainerItemProxy section */
		E669002EB1B751F4B2DA6633 /* PBXContainerItemProxy */ = {
			isa = PBXContainerItemProxy;
			containerPortal = 9789D7B1CA60C91C1D6BA189 /* Project object */;
			proxyType = 1;
			remoteGlobalIDString = A4A666D71B1842B96436BFC2;
			remoteInfo = Echo;
		};
/* End PBXContainerItemProxy section */

/* Begin PBXFileReference section */
		03A1883B5299DCA572E86351 /* DiarizationService.swift */ = {isa = PBXFileReference; lastKnownFileType = sourcecode.swift; path = DiarizationService.swift; sourceTree = "<group>"; };
		14F5956E5B6A1FD449395BC0 /* TranscriptionView.swift */ = {isa = PBXFileReference; lastKnownFileType = sourcecode.swift; path = TranscriptionView.swift; sourceTree = "<group>"; };
		1EAE19C4E3EE9EF7594BC2EE /* AudioConverter.swift */ = {isa = PBXFileReference; lastKnownFileType = sourcecode.swift; path = AudioConverter.swift; sourceTree = "<group>"; };
		2042C1C5EE1E0CDC47C60202 /* Echo.app */ = {isa = PBXFileReference; explicitFileType = wrapper.application; includeInIndex = 0; path = Echo.app; sourceTree = BUILT_PRODUCTS_DIR; };
		2251CB2C2F530FC500B40D2F /* ДИАГНОСТИКА_ПРОБЛЕМ.md */ = {isa = PBXFileReference; lastKnownFileType = net.daringfireball.markdown; path = "ДИАГНОСТИКА_ПРОБЛЕМ.md"; sourceTree = "<group>"; };
		22906CFB2F53106F0016B103 /* AudioDiagnostics.swift */ = {isa = PBXFileReference; lastKnownFileType = sourcecode.swift; path = AudioDiagnostics.swift; sourceTree = "<group>"; };
		22906CFD2F5310930016B103 /* DiarizationDiagnostics.swift */ = {isa = PBXFileReference; lastKnownFileType = sourcecode.swift; path = DiarizationDiagnostics.swift; sourceTree = "<group>"; };
		22906CFF2F5310B60016B103 /* AlignmentDiagnostics.swift */ = {isa = PBXFileReference; lastKnownFileType = sourcecode.swift; path = AlignmentDiagnostics.swift; sourceTree = "<group>"; };
		22906D012F5311590016B103 /* РАСШИРЕННАЯ_ДИАГНОСТИКА.md */ = {isa = PBXFileReference; lastKnownFileType = net.daringfireball.markdown; path = "РАСШИРЕННАЯ_ДИАГНОСТИКА.md"; sourceTree = "<group>"; };
		22906D022F53116B0016B103 /* БЫСТРЫЙ_СТАРТ.md */ = {isa = PBXFileReference; lastKnownFileType = net.daringfireball.markdown; path = "БЫСТРЫЙ_СТАРТ.md"; sourceTree = "<group>"; };
		22906D032F5311930016B103 /* СВОДКА_ИЗМЕНЕНИЙ.md */ = {isa = PBXFileReference; lastKnownFileType = net.daringfireball.markdown; path = "СВОДКА_ИЗМЕНЕНИЙ.md"; sourceTree = "<group>"; };
		22906D042F5311D30016B103 /* README.md */ = {isa = PBXFileReference; lastKnownFileType = net.daringfireball.markdown; path = README.md; sourceTree = "<group>"; };
		22906D052F5312230016B103 /* КАК_ЧИТАТЬ_ЛОГИ.md */ = {isa = PBXFileReference; lastKnownFileType = net.daringfireball.markdown; path = "КАК_ЧИТАТЬ_ЛОГИ.md"; sourceTree = "<group>"; };
		22906D062F5312410016B103 /* ШПАРГАЛКА.md */ = {isa = PBXFileReference; lastKnownFileType = net.daringfireball.markdown; path = "ШПАРГАЛКА.md"; sourceTree = "<group>"; };
		22906D072F5312730016B103 /* УСТАНОВКА_ЗАВЕРШЕНА.md */ = {isa = PBXFileReference; lastKnownFileType = net.daringfireball.markdown; path = "УСТАНОВКА_ЗАВЕРШЕНА.md"; sourceTree = "<group>"; };
		22906D082F53137A0016B103 /* ИСПРАВЛЕНИЕ_API.md */ = {isa = PBXFileReference; lastKnownFileType = net.daringfireball.markdown; path = "ИСПРАВЛЕНИЕ_API.md"; sourceTree = "<group>"; };
		22906D092F5316E90016B103 /* ВСЕ_ИСПРАВЛЕНО.md */ = {isa = PBXFileReference; lastKnownFileType = net.daringfireball.markdown; path = "ВСЕ_ИСПРАВЛЕНО.md"; sourceTree = "<group>"; };
		22906D0A2F531A2A0016B103 /* ФИНАЛЬНЫЕ_ИСПРАВЛЕНИЯ.md */ = {isa = PBXFileReference; lastKnownFileType = net.daringfireball.markdown; path = "ФИНАЛЬНЫЕ_ИСПРАВЛЕНИЯ.md"; sourceTree = "<group>"; };
		22906D0B2F531BF00016B103 /* РЕШЕНИЕ_ПРОБЛЕМЫ.md */ = {isa = PBXFileReference; lastKnownFileType = net.daringfireball.markdown; path = "РЕШЕНИЕ_ПРОБЛЕМЫ.md"; sourceTree = "<group>"; };
		22906D0C2F531E860016B103 /* ПОДДЕРЖКА_WEBM.md */ = {isa = PBXFileReference; lastKnownFileType = net.daringfireball.markdown; path = "ПОДДЕРЖКА_WEBM.md"; sourceTree = "<group>"; };
		22906D0D2F531E980016B103 /* WEBM_ГОТОВО.md */ = {isa = PBXFileReference; lastKnownFileType = net.daringfireball.markdown; path = "WEBM_ГОТОВО.md"; sourceTree = "<group>"; };
		22906D0E2F5321830016B103 /* WEBM_РЕШЕНИЕ.md */ = {isa = PBXFileReference; lastKnownFileType = net.daringfireball.markdown; path = "WEBM_РЕШЕНИЕ.md"; sourceTree = "<group>"; };
		22906D0F2F5322180016B103 /* АВТОКОНВЕРТАЦИЯ_WEBM.md */ = {isa = PBXFileReference; lastKnownFileType = net.daringfireball.markdown; path = "АВТОКОНВЕРТАЦИЯ_WEBM.md"; sourceTree = "<group>"; };
		22906D102F53238F0016B103 /* ФИНАЛЬНОЕ_ИСПРАВЛЕНИЕ.md */ = {isa = PBXFileReference; lastKnownFileType = net.daringfireball.markdown; path = "ФИНАЛЬНОЕ_ИСПРАВЛЕНИЕ.md"; sourceTree = "<group>"; };
		22906D112F53264F0016B103 /* WEBM_АВТОМАТИЧЕСКИ.md */ = {isa = PBXFileReference; lastKnownFileType = net.daringfireball.markdown; path = "WEBM_АВТОМАТИЧЕСКИ.md"; sourceTree = "<group>"; };
		22906D122F5326690016B103 /* WEBM_КРАТКАЯ_ИНСТРУКЦИЯ.md */ = {isa = PBXFileReference; lastKnownFileType = net.daringfireball.markdown; path = "WEBM_КРАТКАЯ_ИНСТРУКЦИЯ.md"; sourceTree = "<group>"; };
		22906D132F5329490016B103 /* УСТАНОВКА_FFMPEG.md */ = {isa = PBXFileReference; lastKnownFileType = net.daringfireball.markdown; path = "УСТАНОВКА_FFMPEG.md"; sourceTree = "<group>"; };
		22906D142F5329A40016B103 /* ОКОНЧАТЕЛЬНОЕ_РЕШЕНИЕ_WEBM.md */ = {isa = PBXFileReference; lastKnownFileType = net.daringfireball.markdown; path = "ОКОНЧАТЕЛЬНОЕ_РЕШЕНИЕ_WEBM.md"; sourceTree = "<group>"; };
		22906D152F5329B00016B103 /* QUICK_FIX.md */ = {isa = PBXFileReference; lastKnownFileType = net.daringfireball.markdown; path = QUICK_FIX.md; sourceTree = "<group>"; };
		22906D162F5329C30016B103 /* ИТОГОВОЕ_РЕШЕНИЕ.md */ = {isa = PBXFileReference; lastKnownFileType = net.daringfireball.markdown; path = "ИТОГОВОЕ_РЕШЕНИЕ.md"; sourceTree = "<group>"; };
		22906D172F532A540016B103 /* АВТОУСТАНОВКА_FFMPEG.md */ = {isa = PBXFileReference; lastKnownFileType = net.daringfireball.markdown; path = "АВТОУСТАНОВКА_FFMPEG.md"; sourceTree = "<group>"; };
		22906D182F532A640016B103 /* АВТОУСТАНОВКА_ГОТОВО.md */ = {isa = PBXFileReference; lastKnownFileType = net.daringfireball.markdown; path = "АВТОУСТАНОВКА_ГОТОВО.md"; sourceTree = "<group>"; };
		22906D192F532A850016B103 /* ФИНАЛ_АВТОУСТАНОВКА.md */ = {isa = PBXFileReference; lastKnownFileType = net.daringfireball.markdown; path = "ФИНАЛ_АВТОУСТАНОВКА.md"; sourceTree = "<group>"; };
		22906D1A2F532AF40016B103 /* ПОЛНАЯ_АВТОМАТИЗАЦИЯ.md */ = {isa = PBXFileReference; lastKnownFileType = net.daringfireball.markdown; path = "ПОЛНАЯ_АВТОМАТИЗАЦИЯ.md"; sourceTree = "<group>"; };
		22906D1B2F532B090016B103 /* ПОЛНАЯ_АВТОМАТИЗАЦИЯ_ГОТОВО.md */ = {isa = PBXFileReference; lastKnownFileType = net.daringfireball.markdown; path = "ПОЛНАЯ_АВТОМАТИЗАЦИЯ_ГОТОВО.md"; sourceTree = "<group>"; };
		22906D1C2F532B3D0016B103 /* ФИНАЛ_ПОЛНАЯ_АВТОМАТИЗАЦИЯ.md */ = {isa = PBXFileReference; lastKnownFileType = net.daringfireball.markdown; path = "ФИНАЛ_ПОЛНАЯ_АВТОМАТИЗАЦИЯ.md"; sourceTree = "<group>"; };
		22906D1D2F532B520016B103 /* ИТОГ.md */ = {isa = PBXFileReference; lastKnownFileType = net.daringfireball.markdown; path = "ИТОГ.md"; sourceTree = "<group>"; };
		303D16732C725F4234B0975F /* Segment.swift */ = {isa = PBXFileReference; lastKnownFileType = sourcecode.swift; path = Segment.swift; sourceTree = "<group>"; };
		30A2B2B47200397A69DF9F02 /* TranscriptionService.swift */ = {isa = PBXFileReference; lastKnownFileType = sourcecode.swift; path = TranscriptionService.swift; sourceTree = "<group>"; };
		54BB872C1F835CE8F37587A2 /* ImportViewModel.swift */ = {isa = PBXFileReference; lastKnownFileType = sourcecode.swift; path = ImportViewModel.swift; sourceTree = "<group>"; };
		58786B4FCDFD0596CC8EB170 /* SegmentRowView.swift */ = {isa = PBXFileReference; lastKnownFileType = sourcecode.swift; path = SegmentRowView.swift; sourceTree = "<group>"; };
		5C76ED05AEAE9C3033257BDC /* ExportService.swift */ = {isa = PBXFileReference; lastKnownFileType = sourcecode.swift; path = ExportService.swift; sourceTree = "<group>"; };
		69D2C2A8CA81A77FB457A82F /* EchoApp.swift */ = {isa = PBXFileReference; lastKnownFileType = sourcecode.swift; path = EchoApp.swift; sourceTree = "<group>"; };
		7AC791E4E496DDDAD4886A49 /* AudioFile.swift */ = {isa = PBXFileReference; lastKnownFileType = sourcecode.swift; path = AudioFile.swift; sourceTree = "<group>"; };
		887A8AE9D15ABA784F30A901 /* Speaker.swift */ = {isa = PBXFileReference; lastKnownFileType = sourcecode.swift; path = Speaker.swift; sourceTree = "<group>"; };
		B4173C18BECF7B8AE7B19589 /* EchoTests.swift */ = {isa = PBXFileReference; lastKnownFileType = sourcecode.swift; path = EchoTests.swift; sourceTree = "<group>"; };
		B584EBE4297B797B3329C0CE /* SpeakerAligner.swift */ = {isa = PBXFileReference; lastKnownFileType = sourcecode.swift; path = SpeakerAligner.swift; sourceTree = "<group>"; };
		B8AF93D5E8D1991F2DE20C37 /* Info.plist */ = {isa = PBXFileReference; lastKnownFileType = text.plist; path = Info.plist; sourceTree = "<group>"; };
		C672576465F682F906C819E2 /* ContentView.swift */ = {isa = PBXFileReference; lastKnownFileType = sourcecode.swift; path = ContentView.swift; sourceTree = "<group>"; };
		DA0ACF848D64D281A26D68F6 /* TranscriptionViewModel.swift */ = {isa = PBXFileReference; lastKnownFileType = sourcecode.swift; path = TranscriptionViewModel.swift; sourceTree = "<group>"; };
		E7378C1750C2523FA610CD30 /* ImportView.swift */ = {isa = PBXFileReference; lastKnownFileType = sourcecode.swift; path = ImportView.swift; sourceTree = "<group>"; };
		E9F584D422044F8474ED7824 /* EchoTests.xctest */ = {isa = PBXFileReference; explicitFileType = wrapper.cfbundle; includeInIndex = 0; path = EchoTests.xctest; sourceTree = BUILT_PRODUCTS_DIR; };
		FFD91D91F199395EEC461241 /* TranscriptionResult.swift */ = {isa = PBXFileReference; lastKnownFileType = sourcecode.swift; path = TranscriptionResult.swift; sourceTree = "<group>"; };
/* End PBXFileReference section */

/* Begin PBXFrameworksBuildPhase section */
		93D42AAB70FF88BB1D776C57 /* Frameworks */ = {
			isa = PBXFrameworksBuildPhase;
			buildActionMask = 2147483647;
			files = (
				DFAA2F0206EFC90DEC742284 /* FluidAudio in Frameworks */,
			);
			runOnlyForDeploymentPostprocessing = 0;
		};
/* End PBXFrameworksBuildPhase section */

/* Begin PBXGroup section */
		3AE1AECF53CD66B762F129A5 /* App */ = {
			isa = PBXGroup;
			children = (
				C672576465F682F906C819E2 /* ContentView.swift */,
				69D2C2A8CA81A77FB457A82F /* EchoApp.swift */,
			);
			path = App;
			sourceTree = "<group>";
		};
		4120FED4DC9D689282FB39A4 = {
			isa = PBXGroup;
			children = (
				FCE936AE973CA7095B6AB9B2 /* Echo */,
				73F00F00E9FE2883C03788A0 /* EchoTests */,
				D9F327EE657F7B4405B9E7FE /* Products */,
			);
			sourceTree = "<group>";
		};
		454719DD22D134F8E96EBFEE /* Models */ = {
			isa = PBXGroup;
			children = (
				7AC791E4E496DDDAD4886A49 /* AudioFile.swift */,
				303D16732C725F4234B0975F /* Segment.swift */,
				887A8AE9D15ABA784F30A901 /* Speaker.swift */,
				FFD91D91F199395EEC461241 /* TranscriptionResult.swift */,
			);
			path = Models;
			sourceTree = "<group>";
		};
		60ECA59415AF4D3B8BC8072F /* Features */ = {
			isa = PBXGroup;
			children = (
				D65BCBC715C0DE19BE778DCE /* Import */,
				CFDE42AC3B7C7ED55D3983B3 /* Transcription */,
			);
			path = Features;
			sourceTree = "<group>";
		};
		73F00F00E9FE2883C03788A0 /* EchoTests */ = {
			isa = PBXGroup;
			children = (
				B4173C18BECF7B8AE7B19589 /* EchoTests.swift */,
			);
			path = EchoTests;
			sourceTree = "<group>";
		};
		CFC85CA5153C9B15AF31794D /* Services */ = {
			isa = PBXGroup;
			children = (
				1EAE19C4E3EE9EF7594BC2EE /* AudioConverter.swift */,
				03A1883B5299DCA572E86351 /* DiarizationService.swift */,
				5C76ED05AEAE9C3033257BDC /* ExportService.swift */,
				B584EBE4297B797B3329C0CE /* SpeakerAligner.swift */,
				30A2B2B47200397A69DF9F02 /* TranscriptionService.swift */,
				22906D092F5316E90016B103 /* ВСЕ_ИСПРАВЛЕНО.md */,
				22906D0C2F531E860016B103 /* ПОДДЕРЖКА_WEBM.md */,
				22906D0E2F5321830016B103 /* WEBM_РЕШЕНИЕ.md */,
				22906D0F2F5322180016B103 /* АВТОКОНВЕРТАЦИЯ_WEBM.md */,
				22906D102F53238F0016B103 /* ФИНАЛЬНОЕ_ИСПРАВЛЕНИЕ.md */,
				22906D112F53264F0016B103 /* WEBM_АВТОМАТИЧЕСКИ.md */,
				22906D122F5326690016B103 /* WEBM_КРАТКАЯ_ИНСТРУКЦИЯ.md */,
				22906D132F5329490016B103 /* УСТАНОВКА_FFMPEG.md */,
				22906D142F5329A40016B103 /* ОКОНЧАТЕЛЬНОЕ_РЕШЕНИЕ_WEBM.md */,
				22906D152F5329B00016B103 /* QUICK_FIX.md */,
				22906D162F5329C30016B103 /* ИТОГОВОЕ_РЕШЕНИЕ.md */,
				22906D172F532A540016B103 /* АВТОУСТАНОВКА_FFMPEG.md */,
				22906D182F532A640016B103 /* АВТОУСТАНОВКА_ГОТОВО.md */,
				22906D192F532A850016B103 /* ФИНАЛ_АВТОУСТАНОВКА.md */,
				22906D1A2F532AF40016B103 /* ПОЛНАЯ_АВТОМАТИЗАЦИЯ.md */,
				22906D1B2F532B090016B103 /* ПОЛНАЯ_АВТОМАТИЗАЦИЯ_ГОТОВО.md */,
				22906D1C2F532B3D0016B103 /* ФИНАЛ_ПОЛНАЯ_АВТОМАТИЗАЦИЯ.md */,
				22906D1D2F532B520016B103 /* ИТОГ.md */,
			);
			path = Services;
			sourceTree = "<group>";
		};
		CFDE42AC3B7C7ED55D3983B3 /* Transcription */ = {
			isa = PBXGroup;
			children = (
				58786B4FCDFD0596CC8EB170 /* SegmentRowView.swift */,
				14F5956E5B6A1FD449395BC0 /* TranscriptionView.swift */,
				DA0ACF848D64D281A26D68F6 /* TranscriptionViewModel.swift */,
				2251CB2C2F530FC500B40D2F /* ДИАГНОСТИКА_ПРОБЛЕМ.md */,
				22906CFB2F53106F0016B103 /* AudioDiagnostics.swift */,
				22906CFD2F5310930016B103 /* DiarizationDiagnostics.swift */,
				22906CFF2F5310B60016B103 /* AlignmentDiagnostics.swift */,
				22906D012F5311590016B103 /* РАСШИРЕННАЯ_ДИАГНОСТИКА.md */,
				22906D022F53116B0016B103 /* БЫСТРЫЙ_СТАРТ.md */,
				22906D032F5311930016B103 /* СВОДКА_ИЗМЕНЕНИЙ.md */,
				22906D042F5311D30016B103 /* README.md */,
				22906D052F5312230016B103 /* КАК_ЧИТАТЬ_ЛОГИ.md */,
				22906D062F5312410016B103 /* ШПАРГАЛКА.md */,
				22906D072F5312730016B103 /* УСТАНОВКА_ЗАВЕРШЕНА.md */,
				22906D082F53137A0016B103 /* ИСПРАВЛЕНИЕ_API.md */,
				22906D0A2F531A2A0016B103 /* ФИНАЛЬНЫЕ_ИСПРАВЛЕНИЯ.md */,
				22906D0B2F531BF00016B103 /* РЕШЕНИЕ_ПРОБЛЕМЫ.md */,
				22906D0D2F531E980016B103 /* WEBM_ГОТОВО.md */,
			);
			path = Transcription;
			sourceTree = "<group>";
		};
		D65BCBC715C0DE19BE778DCE /* Import */ = {
			isa = PBXGroup;
			children = (
				E7378C1750C2523FA610CD30 /* ImportView.swift */,
				54BB872C1F835CE8F37587A2 /* ImportViewModel.swift */,
			);
			path = Import;
			sourceTree = "<group>";
		};
		D9F327EE657F7B4405B9E7FE /* Products */ = {
			isa = PBXGroup;
			children = (
				2042C1C5EE1E0CDC47C60202 /* Echo.app */,
				E9F584D422044F8474ED7824 /* EchoTests.xctest */,
			);
			name = Products;
			sourceTree = "<group>";
		};
		FCE936AE973CA7095B6AB9B2 /* Echo */ = {
			isa = PBXGroup;
			children = (
				B8AF93D5E8D1991F2DE20C37 /* Info.plist */,
				3AE1AECF53CD66B762F129A5 /* App */,
				60ECA59415AF4D3B8BC8072F /* Features */,
				454719DD22D134F8E96EBFEE /* Models */,
				CFC85CA5153C9B15AF31794D /* Services */,
			);
			path = Echo;
			sourceTree = "<group>";
		};
/* End PBXGroup section */

/* Begin PBXNativeTarget section */
		A4A666D71B1842B96436BFC2 /* Echo */ = {
			isa = PBXNativeTarget;
			buildConfigurationList = B3003468645FE4C65FAC3CEB /* Build configuration list for PBXNativeTarget "Echo" */;
			buildPhases = (
				3ACC527125974F87D1CA4D7A /* Sources */,
				93D42AAB70FF88BB1D776C57 /* Frameworks */,
			);
			buildRules = (
			);
			dependencies = (
			);
			name = Echo;
			packageProductDependencies = (
				20C780ABE7A5F625B68E1CBC /* FluidAudio */,
			);
			productName = Echo;
			productReference = 2042C1C5EE1E0CDC47C60202 /* Echo.app */;
			productType = "com.apple.product-type.application";
		};
		AF17A00EDAA2BFD0F3496789 /* EchoTests */ = {
			isa = PBXNativeTarget;
			buildConfigurationList = 1700B136F3D45359C45267FE /* Build configuration list for PBXNativeTarget "EchoTests" */;
			buildPhases = (
				AB48BC2805BE37155594141A /* Sources */,
			);
			buildRules = (
			);
			dependencies = (
				B251A003E8A65CD812B82B42 /* PBXTargetDependency */,
			);
			name = EchoTests;
			packageProductDependencies = (
			);
			productName = EchoTests;
			productReference = E9F584D422044F8474ED7824 /* EchoTests.xctest */;
			productType = "com.apple.product-type.bundle.unit-test";
		};
/* End PBXNativeTarget section */

/* Begin PBXProject section */
		9789D7B1CA60C91C1D6BA189 /* Project object */ = {
			isa = PBXProject;
			attributes = {
				BuildIndependentTargetsInParallel = YES;
				LastUpgradeCheck = 1520;
				TargetAttributes = {
					A4A666D71B1842B96436BFC2 = {
						DevelopmentTeam = "";
						ProvisioningStyle = Automatic;
					};
				};
			};
			buildConfigurationList = 695A447DDA3B057AF947A5BB /* Build configuration list for PBXProject "Echo" */;
			compatibilityVersion = "Xcode 14.0";
			developmentRegion = en;
			hasScannedForEncodings = 0;
			knownRegions = (
				Base,
				en,
			);
			mainGroup = 4120FED4DC9D689282FB39A4;
			minimizedProjectReferenceProxies = 1;
			packageReferences = (
				95CED460C140EF50F901FEEF /* XCRemoteSwiftPackageReference "FluidAudio" */,
			);
			projectDirPath = "";
			projectRoot = "";
			targets = (
				A4A666D71B1842B96436BFC2 /* Echo */,
				AF17A00EDAA2BFD0F3496789 /* EchoTests */,
			);
		};
/* End PBXProject section */

/* Begin PBXSourcesBuildPhase section */
		3ACC527125974F87D1CA4D7A /* Sources */ = {
			isa = PBXSourcesBuildPhase;
			buildActionMask = 2147483647;
			files = (
				22906D002F5310B60016B103 /* AlignmentDiagnostics.swift in Sources */,
				22906CFC2F53106F0016B103 /* AudioDiagnostics.swift in Sources */,
				33A9D6ACFFF76A625C942289 /* AudioConverter.swift in Sources */,
				46698312D2C090CB8A208A18 /* AudioFile.swift in Sources */,
				7C0EFA85DA639445DBD6987B /* ContentView.swift in Sources */,
				0E0C67627C79DE10F51E5675 /* DiarizationService.swift in Sources */,
				22906CFE2F5310930016B103 /* DiarizationDiagnostics.swift in Sources */,
				F37E37E9DBF14D1CBACC8F5A /* EchoApp.swift in Sources */,
				93F75467E1A64BBAAF8DA140 /* ExportService.swift in Sources */,
				0AC6A142F4A307309B544453 /* ImportView.swift in Sources */,
				22901B665A11A7FD60205B6B /* ImportViewModel.swift in Sources */,
				4D012287E387505CB47B6441 /* Segment.swift in Sources */,
				D1D9EAD574D8312A72E9B559 /* SegmentRowView.swift in Sources */,
				E62CCBCBE11B09EFF213C064 /* Speaker.swift in Sources */,
				79BDA1DBCFAB2ECBCDEBF293 /* SpeakerAligner.swift in Sources */,
				43FDF1E51898E84E2C4653C5 /* TranscriptionResult.swift in Sources */,
				FEF7A06405C68EF27D61F6F5 /* TranscriptionService.swift in Sources */,
				94B5897F037055F0AB5E284B /* TranscriptionView.swift in Sources */,
				47AE5C04F686B35425024872 /* TranscriptionViewModel.swift in Sources */,
			);
			runOnlyForDeploymentPostprocessing = 0;
		};
		AB48BC2805BE37155594141A /* Sources */ = {
			isa = PBXSourcesBuildPhase;
			buildActionMask = 2147483647;
			files = (
				EE9DA18C42F1843C5A0009BB /* EchoTests.swift in Sources */,
			);
			runOnlyForDeploymentPostprocessing = 0;
		};
/* End PBXSourcesBuildPhase section */

/* Begin PBXTargetDependency section */
		B251A003E8A65CD812B82B42 /* PBXTargetDependency */ = {
			isa = PBXTargetDependency;
			target = A4A666D71B1842B96436BFC2 /* Echo */;
			targetProxy = E669002EB1B751F4B2DA6633 /* PBXContainerItemProxy */;
		};
/* End PBXTargetDependency section */

/* Begin XCBuildConfiguration section */
		33B2FAFC61A1D8CF67E69BED /* Release */ = {
			isa = XCBuildConfiguration;
			buildSettings = {
				ASSETCATALOG_COMPILER_APPICON_NAME = AppIcon;
				CODE_SIGN_STYLE = Automatic;
				COMBINE_HIDPI_IMAGES = YES;
				DEVELOPMENT_TEAM = "";
				ENABLE_HARDENED_RUNTIME = YES;
				INFOPLIST_FILE = Echo/Info.plist;
				LD_RUNPATH_SEARCH_PATHS = (
					"$(inherited)",
					"@executable_path/../Frameworks",
				);
				MACOSX_DEPLOYMENT_TARGET = 14.0;
				PRODUCT_BUNDLE_IDENTIFIER = ru.aldushin.echo;
				SDKROOT = macosx;
				SWIFT_VERSION = 5.1;
			};
			name = Release;
		};
		796417D2F8EB8984479AACE2 /* Debug */ = {
			isa = XCBuildConfiguration;
			buildSettings = {
				ALWAYS_SEARCH_USER_PATHS = NO;
				CLANG_ANALYZER_NONNULL = YES;
				CLANG_ANALYZER_NUMBER_OBJECT_CONVERSION = YES_AGGRESSIVE;
				CLANG_CXX_LANGUAGE_STANDARD = "gnu++14";
				CLANG_CXX_LIBRARY = "libc++";
				CLANG_ENABLE_MODULES = YES;
				CLANG_ENABLE_OBJC_ARC = YES;
				CLANG_ENABLE_OBJC_WEAK = YES;
				CLANG_WARN_BLOCK_CAPTURE_AUTORELEASING = YES;
				CLANG_WARN_BOOL_CONVERSION = YES;
				CLANG_WARN_COMMA = YES;
				CLANG_WARN_CONSTANT_CONVERSION = YES;
				CLANG_WARN_DEPRECATED_OBJC_IMPLEMENTATIONS = YES;
				CLANG_WARN_DIRECT_OBJC_ISA_USAGE = YES_ERROR;
				CLANG_WARN_DOCUMENTATION_COMMENTS = YES;
				CLANG_WARN_EMPTY_BODY = YES;
				CLANG_WARN_ENUM_CONVERSION = YES;
				CLANG_WARN_INFINITE_RECURSION = YES;
				CLANG_WARN_INT_CONVERSION = YES;
				CLANG_WARN_NON_LITERAL_NULL_CONVERSION = YES;
				CLANG_WARN_OBJC_IMPLICIT_RETAIN_SELF = YES;
				CLANG_WARN_OBJC_LITERAL_CONVERSION = YES;
				CLANG_WARN_OBJC_ROOT_CLASS = YES_ERROR;
				CLANG_WARN_QUOTED_INCLUDE_IN_FRAMEWORK_HEADER = YES;
				CLANG_WARN_RANGE_LOOP_ANALYSIS = YES;
				CLANG_WARN_STRICT_PROTOTYPES = YES;
				CLANG_WARN_SUSPICIOUS_MOVE = YES;
				CLANG_WARN_UNGUARDED_AVAILABILITY = YES_AGGRESSIVE;
				CLANG_WARN_UNREACHABLE_CODE = YES;
				CLANG_WARN__DUPLICATE_METHOD_MATCH = YES;
				COPY_PHASE_STRIP = NO;
				DEBUG_INFORMATION_FORMAT = dwarf;
				ENABLE_STRICT_OBJC_MSGSEND = YES;
				ENABLE_TESTABILITY = YES;
				GCC_C_LANGUAGE_STANDARD = gnu11;
				GCC_DYNAMIC_NO_PIC = NO;
				GCC_NO_COMMON_BLOCKS = YES;
				GCC_OPTIMIZATION_LEVEL = 0;
				GCC_PREPROCESSOR_DEFINITIONS = (
					"$(inherited)",
					"DEBUG=1",
				);
				GCC_WARN_64_TO_32_BIT_CONVERSION = YES;
				GCC_WARN_ABOUT_RETURN_TYPE = YES_ERROR;
				GCC_WARN_UNDECLARED_SELECTOR = YES;
				GCC_WARN_UNINITIALIZED_AUTOS = YES_AGGRESSIVE;
				GCC_WARN_UNUSED_FUNCTION = YES;
				GCC_WARN_UNUSED_VARIABLE = YES;
				MACOSX_DEPLOYMENT_TARGET = 14.0;
				MTL_ENABLE_DEBUG_INFO = INCLUDE_SOURCE;
				MTL_FAST_MATH = YES;
				ONLY_ACTIVE_ARCH = YES;
				PRODUCT_NAME = "$(TARGET_NAME)";
				SDKROOT = macosx;
				SWIFT_ACTIVE_COMPILATION_CONDITIONS = DEBUG;
				SWIFT_OPTIMIZATION_LEVEL = "-Onone";
				SWIFT_VERSION = 5.0;
			};
			name = Debug;
		};
		B3D63CCE8551D6CD08F5B621 /* Release */ = {
			isa = XCBuildConfiguration;
			buildSettings = {
				ALWAYS_SEARCH_USER_PATHS = NO;
				CLANG_ANALYZER_NONNULL = YES;
				CLANG_ANALYZER_NUMBER_OBJECT_CONVERSION = YES_AGGRESSIVE;
				CLANG_CXX_LANGUAGE_STANDARD = "gnu++14";
				CLANG_CXX_LIBRARY = "libc++";
				CLANG_ENABLE_MODULES = YES;
				CLANG_ENABLE_OBJC_ARC = YES;
				CLANG_ENABLE_OBJC_WEAK = YES;
				CLANG_WARN_BLOCK_CAPTURE_AUTORELEASING = YES;
				CLANG_WARN_BOOL_CONVERSION = YES;
				CLANG_WARN_COMMA = YES;
				CLANG_WARN_CONSTANT_CONVERSION = YES;
				CLANG_WARN_DEPRECATED_OBJC_IMPLEMENTATIONS = YES;
				CLANG_WARN_DIRECT_OBJC_ISA_USAGE = YES_ERROR;
				CLANG_WARN_DOCUMENTATION_COMMENTS = YES;
				CLANG_WARN_EMPTY_BODY = YES;
				CLANG_WARN_ENUM_CONVERSION = YES;
				CLANG_WARN_INFINITE_RECURSION = YES;
				CLANG_WARN_INT_CONVERSION = YES;
				CLANG_WARN_NON_LITERAL_NULL_CONVERSION = YES;
				CLANG_WARN_OBJC_IMPLICIT_RETAIN_SELF = YES;
				CLANG_WARN_OBJC_LITERAL_CONVERSION = YES;
				CLANG_WARN_OBJC_ROOT_CLASS = YES_ERROR;
				CLANG_WARN_QUOTED_INCLUDE_IN_FRAMEWORK_HEADER = YES;
				CLANG_WARN_RANGE_LOOP_ANALYSIS = YES;
				CLANG_WARN_STRICT_PROTOTYPES = YES;
				CLANG_WARN_SUSPICIOUS_MOVE = YES;
				CLANG_WARN_UNGUARDED_AVAILABILITY = YES_AGGRESSIVE;
				CLANG_WARN_UNREACHABLE_CODE = YES;
				CLANG_WARN__DUPLICATE_METHOD_MATCH = YES;
				COPY_PHASE_STRIP = NO;
				DEBUG_INFORMATION_FORMAT = "dwarf-with-dsym";
				ENABLE_NS_ASSERTIONS = NO;
				ENABLE_STRICT_OBJC_MSGSEND = YES;
				GCC_C_LANGUAGE_STANDARD = gnu11;
				GCC_NO_COMMON_BLOCKS = YES;
				GCC_WARN_64_TO_32_BIT_CONVERSION = YES;
				GCC_WARN_ABOUT_RETURN_TYPE = YES_ERROR;
				GCC_WARN_UNDECLARED_SELECTOR = YES;
				GCC_WARN_UNINITIALIZED_AUTOS = YES_AGGRESSIVE;
				GCC_WARN_UNUSED_FUNCTION = YES;
				GCC_WARN_UNUSED_VARIABLE = YES;
				MACOSX_DEPLOYMENT_TARGET = 14.0;
				MTL_ENABLE_DEBUG_INFO = NO;
				MTL_FAST_MATH = YES;
				PRODUCT_NAME = "$(TARGET_NAME)";
				SDKROOT = macosx;
				SWIFT_COMPILATION_MODE = wholemodule;
				SWIFT_OPTIMIZATION_LEVEL = "-O";
				SWIFT_VERSION = 5.0;
			};
			name = Release;
		};
		B925C51A6588B59CFAC3CE9A /* Release */ = {
			isa = XCBuildConfiguration;
			buildSettings = {
				BUNDLE_LOADER = "$(TEST_HOST)";
				COMBINE_HIDPI_IMAGES = YES;
				LD_RUNPATH_SEARCH_PATHS = (
					"$(inherited)",
					"@executable_path/../Frameworks",
					"@loader_path/../Frameworks",
				);
				PRODUCT_BUNDLE_IDENTIFIER = ru.aldushin.EchoTests;
				SDKROOT = macosx;
				TEST_HOST = "$(BUILT_PRODUCTS_DIR)/Echo.app/Contents/MacOS/Echo";
			};
			name = Release;
		};
		CC8F20B7705464D8ED6D1D7B /* Debug */ = {
			isa = XCBuildConfiguration;
			buildSettings = {
				BUNDLE_LOADER = "$(TEST_HOST)";
				COMBINE_HIDPI_IMAGES = YES;
				LD_RUNPATH_SEARCH_PATHS = (
					"$(inherited)",
					"@executable_path/../Frameworks",
					"@loader_path/../Frameworks",
				);
				PRODUCT_BUNDLE_IDENTIFIER = ru.aldushin.EchoTests;
				SDKROOT = macosx;
				TEST_HOST = "$(BUILT_PRODUCTS_DIR)/Echo.app/Contents/MacOS/Echo";
			};
			name = Debug;
		};
		E9EE020F48614AC226899D42 /* Debug */ = {
			isa = XCBuildConfiguration;
			buildSettings = {
				ASSETCATALOG_COMPILER_APPICON_NAME = AppIcon;
				CODE_SIGN_STYLE = Automatic;
				COMBINE_HIDPI_IMAGES = YES;
				DEVELOPMENT_TEAM = "";
				ENABLE_HARDENED_RUNTIME = YES;
				INFOPLIST_FILE = Echo/Info.plist;
				LD_RUNPATH_SEARCH_PATHS = (
					"$(inherited)",
					"@executable_path/../Frameworks",
				);
				MACOSX_DEPLOYMENT_TARGET = 14.0;
				PRODUCT_BUNDLE_IDENTIFIER = ru.aldushin.echo;
				SDKROOT = macosx;
				SWIFT_VERSION = 5.1;
			};
			name = Debug;
		};
/* End XCBuildConfiguration section */

/* Begin XCConfigurationList section */
		1700B136F3D45359C45267FE /* Build configuration list for PBXNativeTarget "EchoTests" */ = {
			isa = XCConfigurationList;
			buildConfigurations = (
				CC8F20B7705464D8ED6D1D7B /* Debug */,
				B925C51A6588B59CFAC3CE9A /* Release */,
			);
			defaultConfigurationIsVisible = 0;
			defaultConfigurationName = Debug;
		};
		695A447DDA3B057AF947A5BB /* Build configuration list for PBXProject "Echo" */ = {
			isa = XCConfigurationList;
			buildConfigurations = (
				796417D2F8EB8984479AACE2 /* Debug */,
				B3D63CCE8551D6CD08F5B621 /* Release */,
			);
			defaultConfigurationIsVisible = 0;
			defaultConfigurationName = Debug;
		};
		B3003468645FE4C65FAC3CEB /* Build configuration list for PBXNativeTarget "Echo" */ = {
			isa = XCConfigurationList;
			buildConfigurations = (
				E9EE020F48614AC226899D42 /* Debug */,
				33B2FAFC61A1D8CF67E69BED /* Release */,
			);
			defaultConfigurationIsVisible = 0;
			defaultConfigurationName = Debug;
		};
/* End XCConfigurationList section */

/* Begin XCRemoteSwiftPackageReference section */
		95CED460C140EF50F901FEEF /* XCRemoteSwiftPackageReference "FluidAudio" */ = {
			isa = XCRemoteSwiftPackageReference;
			repositoryURL = "https://github.com/FluidInference/FluidAudio";
			requirement = {
				kind = upToNextMajorVersion;
				minimumVersion = 0.1.0;
			};
		};
/* End XCRemoteSwiftPackageReference section */

/* Begin XCSwiftPackageProductDependency section */
		20C780ABE7A5F625B68E1CBC /* FluidAudio */ = {
			isa = XCSwiftPackageProductDependency;
			package = 95CED460C140EF50F901FEEF /* XCRemoteSwiftPackageReference "FluidAudio" */;
			productName = FluidAudio;
		};
/* End XCSwiftPackageProductDependency section */
	};
	rootObject = 9789D7B1CA60C91C1D6BA189 /* Project object */;
}
